// !$*UTF8*$!
{
	archiveVersion = 1;
	classes = {
	};
	objectVersion = 46;
	objects = {

/* Begin PBXBuildFile section */
		849050421C6676F200B4873B /* point.cpp in Sources */ = {isa = PBXBuildFile; fileRef = 8490503B1C6676F200B4873B /* point.cpp */; };
		849050431C6676F200B4873B /* uiDraw.cpp in Sources */ = {isa = PBXBuildFile; fileRef = 8490503D1C6676F200B4873B /* uiDraw.cpp */; };
		849050441C6676F200B4873B /* uiInteract.cpp in Sources */ = {isa = PBXBuildFile; fileRef = 8490503F1C6676F200B4873B /* uiInteract.cpp */; };
		849050451C6676F200B4873B /* uiTest.cpp in Sources */ = {isa = PBXBuildFile; fileRef = 849050411C6676F200B4873B /* uiTest.cpp */; };
		849050471C66770A00B4873B /* OpenGL.framework in Frameworks */ = {isa = PBXBuildFile; fileRef = 849050461C66770A00B4873B /* OpenGL.framework */; };
		849050491C66771100B4873B /* GLUT.framework in Frameworks */ = {isa = PBXBuildFile; fileRef = 849050481C66771100B4873B /* GLUT.framework */; };
		8490504C1C670ED900B4873B /* frame.cpp in Sources */ = {isa = PBXBuildFile; fileRef = 8490504A1C670ED900B4873B /* frame.cpp */; };
		8490504F1C67106900B4873B /* item.cpp in Sources */ = {isa = PBXBuildFile; fileRef = 8490504D1C67106900B4873B /* item.cpp */; };
		849050521C67121E00B4873B /* velocity.cpp in Sources */ = {isa = PBXBuildFile; fileRef = 849050501C67121E00B4873B /* velocity.cpp */; };
		849050551C67136D00B4873B /* rifle.cpp in Sources */ = {isa = PBXBuildFile; fileRef = 849050531C67136D00B4873B /* rifle.cpp */; };
		849050581C6713FC00B4873B /* bullet.cpp in Sources */ = {isa = PBXBuildFile; fileRef = 849050561C6713FC00B4873B /* bullet.cpp */; };
		8490505B1C6714A800B4873B /* pigeon.cpp in Sources */ = {isa = PBXBuildFile; fileRef = 849050591C6714A800B4873B /* pigeon.cpp */; };
		8490505E1C6715C900B4873B /* banner.cpp in Sources */ = {isa = PBXBuildFile; fileRef = 8490505C1C6715C900B4873B /* banner.cpp */; };
		84ABD58F1C790261008FBB89 /* main.cpp in Sources */ = {isa = PBXBuildFile; fileRef = 84ABD58E1C790261008FBB89 /* main.cpp */; };
/* End PBXBuildFile section */

/* Begin PBXCopyFilesBuildPhase section */
		8490502F1C6676D300B4873B /* CopyFiles */ = {
			isa = PBXCopyFilesBuildPhase;
			buildActionMask = 2147483647;
			dstPath = /usr/share/man/man1/;
			dstSubfolderSpec = 0;
			files = (
			);
			runOnlyForDeploymentPostprocessing = 1;
		};
/* End PBXCopyFilesBuildPhase section */

/* Begin PBXFileReference section */
		338E962A1C7904BE00CAE062 /* Examplepoint.cpp */ = {isa = PBXFileReference; fileEncoding = 4; lastKnownFileType = sourcecode.cpp.cpp; path = Examplepoint.cpp; sourceTree = "<group>"; };
		338E962B1C7904BE00CAE062 /* Examplepoint.h */ = {isa = PBXFileReference; fileEncoding = 4; lastKnownFileType = sourcecode.c.h; path = Examplepoint.h; sourceTree = "<group>"; };
		338E962C1C7904BE00CAE062 /* ExampleuiDraw.cpp */ = {isa = PBXFileReference; fileEncoding = 4; lastKnownFileType = sourcecode.cpp.cpp; path = ExampleuiDraw.cpp; sourceTree = "<group>"; };
		338E962D1C7904BE00CAE062 /* ExampleuiDraw.h */ = {isa = PBXFileReference; fileEncoding = 4; lastKnownFileType = sourcecode.c.h; path = ExampleuiDraw.h; sourceTree = "<group>"; };
		338E962E1C7904BE00CAE062 /* ExampleuiInteract.cpp */ = {isa = PBXFileReference; fileEncoding = 4; lastKnownFileType = sourcecode.cpp.cpp; path = ExampleuiInteract.cpp; sourceTree = "<group>"; };
		338E962F1C7904BE00CAE062 /* ExampleuiInteract.h */ = {isa = PBXFileReference; fileEncoding = 4; lastKnownFileType = sourcecode.c.h; path = ExampleuiInteract.h; sourceTree = "<group>"; };
		849050311C6676D300B4873B /* skeet */ = {isa = PBXFileReference; explicitFileType = "compiled.mach-o.executable"; includeInIndex = 0; path = skeet; sourceTree = BUILT_PRODUCTS_DIR; };
		8490503B1C6676F200B4873B /* point.cpp */ = {isa = PBXFileReference; fileEncoding = 4; lastKnownFileType = sourcecode.cpp.cpp; path = point.cpp; sourceTree = "<group>"; };
		8490503C1C6676F200B4873B /* point.h */ = {isa = PBXFileReference; fileEncoding = 4; lastKnownFileType = sourcecode.c.h; path = point.h; sourceTree = "<group>"; };
		8490503D1C6676F200B4873B /* uiDraw.cpp */ = {isa = PBXFileReference; fileEncoding = 4; lastKnownFileType = sourcecode.cpp.cpp; path = uiDraw.cpp; sourceTree = "<group>"; };
		8490503E1C6676F200B4873B /* uiDraw.h */ = {isa = PBXFileReference; fileEncoding = 4; lastKnownFileType = sourcecode.c.h; path = uiDraw.h; sourceTree = "<group>"; };
		8490503F1C6676F200B4873B /* uiInteract.cpp */ = {isa = PBXFileReference; fileEncoding = 4; lastKnownFileType = sourcecode.cpp.cpp; path = uiInteract.cpp; sourceTree = "<group>"; };
		849050401C6676F200B4873B /* uiInteract.h */ = {isa = PBXFileReference; fileEncoding = 4; lastKnownFileType = sourcecode.c.h; path = uiInteract.h; sourceTree = "<group>"; };
		849050411C6676F200B4873B /* uiTest.cpp */ = {isa = PBXFileReference; fileEncoding = 4; lastKnownFileType = sourcecode.cpp.cpp; path = uiTest.cpp; sourceTree = "<group>"; };
		849050461C66770A00B4873B /* OpenGL.framework */ = {isa = PBXFileReference; lastKnownFileType = wrapper.framework; name = OpenGL.framework; path = System/Library/Frameworks/OpenGL.framework; sourceTree = SDKROOT; };
		849050481C66771100B4873B /* GLUT.framework */ = {isa = PBXFileReference; lastKnownFileType = wrapper.framework; name = GLUT.framework; path = System/Library/Frameworks/GLUT.framework; sourceTree = SDKROOT; };
		8490504A1C670ED900B4873B /* frame.cpp */ = {isa = PBXFileReference; fileEncoding = 4; lastKnownFileType = sourcecode.cpp.cpp; path = frame.cpp; sourceTree = "<group>"; };
		8490504B1C670ED900B4873B /* frame.h */ = {isa = PBXFileReference; fileEncoding = 4; lastKnownFileType = sourcecode.c.h; path = frame.h; sourceTree = "<group>"; };
		8490504D1C67106900B4873B /* item.cpp */ = {isa = PBXFileReference; fileEncoding = 4; lastKnownFileType = sourcecode.cpp.cpp; path = item.cpp; sourceTree = "<group>"; };
		8490504E1C67106900B4873B /* item.h */ = {isa = PBXFileReference; fileEncoding = 4; lastKnownFileType = sourcecode.c.h; path = item.h; sourceTree = "<group>"; };
		849050501C67121E00B4873B /* velocity.cpp */ = {isa = PBXFileReference; fileEncoding = 4; lastKnownFileType = sourcecode.cpp.cpp; path = velocity.cpp; sourceTree = "<group>"; };
		849050511C67121E00B4873B /* velocity.h */ = {isa = PBXFileReference; fileEncoding = 4; lastKnownFileType = sourcecode.c.h; path = velocity.h; sourceTree = "<group>"; };
		849050531C67136D00B4873B /* rifle.cpp */ = {isa = PBXFileReference; fileEncoding = 4; lastKnownFileType = sourcecode.cpp.cpp; path = rifle.cpp; sourceTree = "<group>"; };
		849050541C67136D00B4873B /* rifle.h */ = {isa = PBXFileReference; fileEncoding = 4; lastKnownFileType = sourcecode.c.h; path = rifle.h; sourceTree = "<group>"; };
		849050561C6713FC00B4873B /* bullet.cpp */ = {isa = PBXFileReference; fileEncoding = 4; lastKnownFileType = sourcecode.cpp.cpp; path = bullet.cpp; sourceTree = "<group>"; };
		849050571C6713FC00B4873B /* bullet.h */ = {isa = PBXFileReference; fileEncoding = 4; lastKnownFileType = sourcecode.c.h; path = bullet.h; sourceTree = "<group>"; };
		849050591C6714A800B4873B /* pigeon.cpp */ = {isa = PBXFileReference; fileEncoding = 4; lastKnownFileType = sourcecode.cpp.cpp; path = pigeon.cpp; sourceTree = "<group>"; };
		8490505A1C6714A800B4873B /* pigeon.h */ = {isa = PBXFileReference; fileEncoding = 4; lastKnownFileType = sourcecode.c.h; path = pigeon.h; sourceTree = "<group>"; };
		8490505C1C6715C900B4873B /* banner.cpp */ = {isa = PBXFileReference; fileEncoding = 4; lastKnownFileType = sourcecode.cpp.cpp; path = banner.cpp; sourceTree = "<group>"; };
		8490505D1C6715C900B4873B /* banner.h */ = {isa = PBXFileReference; fileEncoding = 4; lastKnownFileType = sourcecode.c.h; path = banner.h; sourceTree = "<group>"; };
		84ABD58E1C790261008FBB89 /* main.cpp */ = {isa = PBXFileReference; fileEncoding = 4; lastKnownFileType = sourcecode.cpp.cpp; path = main.cpp; sourceTree = "<group>"; };
/* End PBXFileReference section */

/* Begin PBXFrameworksBuildPhase section */
		8490502E1C6676D300B4873B /* Frameworks */ = {
			isa = PBXFrameworksBuildPhase;
			buildActionMask = 2147483647;
			files = (
				849050491C66771100B4873B /* GLUT.framework in Frameworks */,
				849050471C66770A00B4873B /* OpenGL.framework in Frameworks */,
			);
			runOnlyForDeploymentPostprocessing = 0;
		};
/* End PBXFrameworksBuildPhase section */

/* Begin PBXGroup section */
		338E96291C79041B00CAE062 /* New Group */ = {
			isa = PBXGroup;
			children = (
				338E962A1C7904BE00CAE062 /* Examplepoint.cpp */,
				338E962B1C7904BE00CAE062 /* Examplepoint.h */,
				338E962C1C7904BE00CAE062 /* ExampleuiDraw.cpp */,
				338E962D1C7904BE00CAE062 /* ExampleuiDraw.h */,
				338E962E1C7904BE00CAE062 /* ExampleuiInteract.cpp */,
				338E962F1C7904BE00CAE062 /* ExampleuiInteract.h */,
			);
			name = "New Group";
			path = skeet;
			sourceTree = "<group>";
		};
		849050281C6676D300B4873B = {
			isa = PBXGroup;
			children = (
				849050481C66771100B4873B /* GLUT.framework */,
				849050461C66770A00B4873B /* OpenGL.framework */,
				849050331C6676D300B4873B /* skeet */,
				849050321C6676D300B4873B /* Products */,
				338E96291C79041B00CAE062 /* New Group */,
			);
			sourceTree = "<group>";
		};
		849050321C6676D300B4873B /* Products */ = {
			isa = PBXGroup;
			children = (
				849050311C6676D300B4873B /* skeet */,
			);
			name = Products;
			sourceTree = "<group>";
		};
		849050331C6676D300B4873B /* skeet */ = {
			isa = PBXGroup;
			children = (
				84ABD58E1C790261008FBB89 /* main.cpp */,
				8490503B1C6676F200B4873B /* point.cpp */,
				8490503C1C6676F200B4873B /* point.h */,
				8490503D1C6676F200B4873B /* uiDraw.cpp */,
				8490503E1C6676F200B4873B /* uiDraw.h */,
				8490503F1C6676F200B4873B /* uiInteract.cpp */,
				849050401C6676F200B4873B /* uiInteract.h */,
				849050411C6676F200B4873B /* uiTest.cpp */,
				8490504A1C670ED900B4873B /* frame.cpp */,
				8490504B1C670ED900B4873B /* frame.h */,
				8490505C1C6715C900B4873B /* banner.cpp */,
				8490505D1C6715C900B4873B /* banner.h */,
				8490504D1C67106900B4873B /* item.cpp */,
				8490504E1C67106900B4873B /* item.h */,
				849050501C67121E00B4873B /* velocity.cpp */,
				849050511C67121E00B4873B /* velocity.h */,
				849050531C67136D00B4873B /* rifle.cpp */,
				849050541C67136D00B4873B /* rifle.h */,
				849050561C6713FC00B4873B /* bullet.cpp */,
				849050571C6713FC00B4873B /* bullet.h */,
				849050591C6714A800B4873B /* pigeon.cpp */,
				8490505A1C6714A800B4873B /* pigeon.h */,
			);
			path = skeet;
			sourceTree = "<group>";
		};
/* End PBXGroup section */

/* Begin PBXNativeTarget section */
		849050301C6676D300B4873B /* skeet */ = {
			isa = PBXNativeTarget;
			buildConfigurationList = 849050381C6676D300B4873B /* Build configuration list for PBXNativeTarget "skeet" */;
			buildPhases = (
				8490502D1C6676D300B4873B /* Sources */,
				8490502E1C6676D300B4873B /* Frameworks */,
				8490502F1C6676D300B4873B /* CopyFiles */,
			);
			buildRules = (
			);
			dependencies = (
			);
			name = skeet;
			productName = skeet;
			productReference = 849050311C6676D300B4873B /* skeet */;
			productType = "com.apple.product-type.tool";
		};
/* End PBXNativeTarget section */

/* Begin PBXProject section */
		849050291C6676D300B4873B /* Project object */ = {
			isa = PBXProject;
			attributes = {
				LastUpgradeCheck = 0720;
				ORGANIZATIONNAME = BYU;
				TargetAttributes = {
					849050301C6676D300B4873B = {
						CreatedOnToolsVersion = 7.2;
					};
				};
			};
			buildConfigurationList = 8490502C1C6676D300B4873B /* Build configuration list for PBXProject "skeet" */;
			compatibilityVersion = "Xcode 3.2";
			developmentRegion = English;
			hasScannedForEncodings = 0;
			knownRegions = (
				en,
			);
			mainGroup = 849050281C6676D300B4873B;
			productRefGroup = 849050321C6676D300B4873B /* Products */;
			projectDirPath = "";
			projectRoot = "";
			targets = (
				849050301C6676D300B4873B /* skeet */,
			);
		};
/* End PBXProject section */

/* Begin PBXSourcesBuildPhase section */
		8490502D1C6676D300B4873B /* Sources */ = {
			isa = PBXSourcesBuildPhase;
			buildActionMask = 2147483647;
			files = (
				849050421C6676F200B4873B /* point.cpp in Sources */,
				849050581C6713FC00B4873B /* bullet.cpp in Sources */,
				84ABD58F1C790261008FBB89 /* main.cpp in Sources */,
				849050521C67121E00B4873B /* velocity.cpp in Sources */,
				8490504C1C670ED900B4873B /* frame.cpp in Sources */,
				8490504F1C67106900B4873B /* item.cpp in Sources */,
				8490505B1C6714A800B4873B /* pigeon.cpp in Sources */,
				849050551C67136D00B4873B /* rifle.cpp in Sources */,
				849050431C6676F200B4873B /* uiDraw.cpp in Sources */,
				849050441C6676F200B4873B /* uiInteract.cpp in Sources */,
				849050451C6676F200B4873B /* uiTest.cpp in Sources */,
				8490505E1C6715C900B4873B /* banner.cpp in Sources */,
			);
			runOnlyForDeploymentPostprocessing = 0;
		};
/* End PBXSourcesBuildPhase section */

/* Begin XCBuildConfiguration section */
		849050361C6676D300B4873B /* Debug */ = {
			isa = XCBuildConfiguration;
			buildSettings = {
				ALWAYS_SEARCH_USER_PATHS = NO;
				CLANG_CXX_LANGUAGE_STANDARD = "gnu++0x";
				CLANG_CXX_LIBRARY = "libc++";
				CLANG_ENABLE_MODULES = YES;
				CLANG_ENABLE_OBJC_ARC = YES;
				CLANG_WARN_BOOL_CONVERSION = YES;
				CLANG_WARN_CONSTANT_CONVERSION = YES;
				CLANG_WARN_DIRECT_OBJC_ISA_USAGE = YES_ERROR;
				CLANG_WARN_EMPTY_BODY = YES;
				CLANG_WARN_ENUM_CONVERSION = YES;
				CLANG_WARN_INT_CONVERSION = YES;
				CLANG_WARN_OBJC_ROOT_CLASS = YES_ERROR;
				CLANG_WARN_UNREACHABLE_CODE = YES;
				CLANG_WARN__DUPLICATE_METHOD_MATCH = YES;
				CODE_SIGN_IDENTITY = "-";
				COPY_PHASE_STRIP = NO;
				DEBUG_INFORMATION_FORMAT = dwarf;
				ENABLE_STRICT_OBJC_MSGSEND = YES;
				ENABLE_TESTABILITY = YES;
				GCC_C_LANGUAGE_STANDARD = gnu99;
				GCC_DYNAMIC_NO_PIC = NO;
				GCC_NO_COMMON_BLOCKS = YES;
				GCC_OPTIMIZATION_LEVEL = 0;
				GCC_PREPROCESSOR_DEFINITIONS = (
					"DEBUG=1",
					"$(inherited)",
				);
				GCC_WARN_64_TO_32_BIT_CONVERSION = YES;
				GCC_WARN_ABOUT_RETURN_TYPE = YES_ERROR;
				GCC_WARN_UNDECLARED_SELECTOR = YES;
				GCC_WARN_UNINITIALIZED_AUTOS = YES_AGGRESSIVE;
				GCC_WARN_UNUSED_FUNCTION = YES;
				GCC_WARN_UNUSED_VARIABLE = YES;
				MACOSX_DEPLOYMENT_TARGET = 10.11;
				MTL_ENABLE_DEBUG_INFO = YES;
				ONLY_ACTIVE_ARCH = YES;
				SDKROOT = macosx;
			};
			name = Debug;
		};
		849050371C6676D300B4873B /* Release */ = {
			isa = XCBuildConfiguration;
			buildSettings = {
				ALWAYS_SEARCH_USER_PATHS = NO;
				CLANG_CXX_LANGUAGE_STANDARD = "gnu++0x";
				CLANG_CXX_LIBRARY = "libc++";
				CLANG_ENABLE_MODULES = YES;
				CLANG_ENABLE_OBJC_ARC = YES;
				CLANG_WARN_BOOL_CONVERSION = YES;
				CLANG_WARN_CONSTANT_CONVERSION = YES;
				CLANG_WARN_DIRECT_OBJC_ISA_USAGE = YES_ERROR;
				CLANG_WARN_EMPTY_BODY = YES;
				CLANG_WARN_ENUM_CONVERSION = YES;
				CLANG_WARN_INT_CONVERSION = YES;
				CLANG_WARN_OBJC_ROOT_CLASS = YES_ERROR;
				CLANG_WARN_UNREACHABLE_CODE = YES;
				CLANG_WARN__DUPLICATE_METHOD_MATCH = YES;
				CODE_SIGN_IDENTITY = "-";
				COPY_PHASE_STRIP = NO;
				DEBUG_INFORMATION_FORMAT = "dwarf-with-dsym";
				ENABLE_NS_ASSERTIONS = NO;
				ENABLE_STRICT_OBJC_MSGSEND = YES;
				GCC_C_LANGUAGE_STANDARD = gnu99;
				GCC_NO_COMMON_BLOCKS = YES;
				GCC_WARN_64_TO_32_BIT_CONVERSION = YES;
				GCC_WARN_ABOUT_RETURN_TYPE = YES_ERROR;
				GCC_WARN_UNDECLARED_SELECTOR = YES;
				GCC_WARN_UNINITIALIZED_AUTOS = YES_AGGRESSIVE;
				GCC_WARN_UNUSED_FUNCTION = YES;
				GCC_WARN_UNUSED_VARIABLE = YES;
				MACOSX_DEPLOYMENT_TARGET = 10.11;
				MTL_ENABLE_DEBUG_INFO = NO;
				SDKROOT = macosx;
			};
			name = Release;
		};
		849050391C6676D300B4873B /* Debug */ = {
			isa = XCBuildConfiguration;
			buildSettings = {
				PRODUCT_NAME = "$(TARGET_NAME)";
			};
			name = Debug;
		};
		8490503A1C6676D300B4873B /* Release */ = {
			isa = XCBuildConfiguration;
			buildSettings = {
				PRODUCT_NAME = "$(TARGET_NAME)";
			};
			name = Release;
		};
/* End XCBuildConfiguration section */

/* Begin XCConfigurationList section */
		8490502C1C6676D300B4873B /* Build configuration list for PBXProject "skeet" */ = {
			isa = XCConfigurationList;
			buildConfigurations = (
				849050361C6676D300B4873B /* Debug */,
				849050371C6676D300B4873B /* Release */,
			);
			defaultConfigurationIsVisible = 0;
			defaultConfigurationName = Release;
		};
		849050381C6676D300B4873B /* Build configuration list for PBXNativeTarget "skeet" */ = {
			isa = XCConfigurationList;
			buildConfigurations = (
				849050391C6676D300B4873B /* Debug */,
				8490503A1C6676D300B4873B /* Release */,
			);
			defaultConfigurationIsVisible = 0;
			defaultConfigurationName = Release;
		};
/* End XCConfigurationList section */
	};
	rootObject = 849050291C6676D300B4873B /* Project object */;
}
